
Microsoft Visual Studio Solution File, Format Version 12.00
# Visual Studio Version 16
VisualStudioVersion = 16.0.30204.135
MinimumVisualStudioVersion = 10.0.40219.1
Project("{FAE04EC0-301F-11D3-BF4B-00C04F79EFBC}") = "Demo2", "Demo2\Demo2.csproj", "{9E997A34-C5DA-4D6B-81F1-493706D6A84E}"
EndProject
Global
	GlobalSection(SolutionConfigurationPlatforms) = preSolution
		Debug|Any CPU = Debug|Any CPU
		Release|Any CPU = Release|Any CPU
	EndGlobalSection
	GlobalSection(ProjectConfigurationPlatforms) = postSolution
		{9E997A34-C5DA-4D6B-81F1-493706D6A84E}.Debug|Any CPU.ActiveCfg = Debug|Any CPU
		{9E997A34-C5DA-4D6B-81F1-493706D6A84E}.Debug|Any CPU.Build.0 = Debug|Any CPU
		{9E997A34-C5DA-4D6B-81F1-493706D6A84E}.Release|Any CPU.ActiveCfg = Release|Any CPU
		{9E997A34-C5DA-4D6B-81F1-493706D6A84E}.Release|Any CPU.Build.0 = Release|Any CPU
	EndGlobalSection
	GlobalSection(SolutionProperties) = preSolution
		HideSolutionNode = FALSE
	EndGlobalSection
	GlobalSection(ExtensibilityGlobals) = postSolution
		SolutionGuid = {A2601BD3-643A-4216-80AF-609314F9DA98}
	EndGlobalSection
EndGlobal
